
Microsoft Visual Studio Solution File, Format Version 12.00
# Visual Studio Version 17
VisualStudioVersion = 17.7.34031.279
MinimumVisualStudioVersion = 10.0.40219.1
Project("{FAE04EC0-301F-11D3-BF4B-00C04F79EFBC}") = "MySQLConexion", "MySQLConexion\MySQLConexion.csproj", "{4154B39F-5CFA-4ADF-BE86-8B1FD0D92353}"
EndProject
Global
	GlobalSection(SolutionConfigurationPlatforms) = preSolution
		Debug|Any CPU = Debug|Any CPU
		Release|Any CPU = Release|Any CPU
	EndGlobalSection
	GlobalSection(ProjectConfigurationPlatforms) = postSolution
		{4154B39F-5CFA-4ADF-BE86-8B1FD0D92353}.Debug|Any CPU.ActiveCfg = Debug|Any CPU
		{4154B39F-5CFA-4ADF-BE86-8B1FD0D92353}.Debug|Any CPU.Build.0 = Debug|Any CPU
		{4154B39F-5CFA-4ADF-BE86-8B1FD0D92353}.Release|Any CPU.ActiveCfg = Release|Any CPU
		{4154B39F-5CFA-4ADF-BE86-8B1FD0D92353}.Release|Any CPU.Build.0 = Release|Any CPU
	EndGlobalSection
	GlobalSection(SolutionProperties) = preSolution
		HideSolutionNode = FALSE
	EndGlobalSection
	GlobalSection(ExtensibilityGlobals) = postSolution
		SolutionGuid = {EFBBC893-0568-4A62-8AB4-3DE99D3E82D7}
	EndGlobalSection
EndGlobal
